// !$*UTF8*$!
{
	archiveVersion = 1;
	classes = {
	};
	objectVersion = 51;
	objects = {

/* Begin PBXBuildFile section */
		ECFA4D4E7AFC66977FA3AAC1 /* Pods_eventCal.framework in Frameworks */ = {isa = PBXBuildFile; fileRef = 87B292C32DAC03B74A2DD501 /* Pods_eventCal.framework */; };
		F13446F722CA81ED00B783D6 /* eventCell.swift in Sources */ = {isa = PBXBuildFile; fileRef = F13446F522CA81ED00B783D6 /* eventCell.swift */; };
		F13446F822CA81ED00B783D6 /* eventCell.xib in Resources */ = {isa = PBXBuildFile; fileRef = F13446F622CA81ED00B783D6 /* eventCell.xib */; };
		F13446FA22CA92F900B783D6 /* CalenderCell.swift in Sources */ = {isa = PBXBuildFile; fileRef = F13446F922CA92F900B783D6 /* CalenderCell.swift */; };
		F1668DA622C28486003E0C95 /* CalPlan.rtf in Resources */ = {isa = PBXBuildFile; fileRef = F1668DA522C28486003E0C95 /* CalPlan.rtf */; };
		F1668DAC22C285AB003E0C95 /* CalInfo.stringsdict in Resources */ = {isa = PBXBuildFile; fileRef = F1668DAB22C285AB003E0C95 /* CalInfo.stringsdict */; };
		F1668DB122C2A9A9003E0C95 /* Localizable.stringsdict in Resources */ = {isa = PBXBuildFile; fileRef = F1668DAF22C2A9A9003E0C95 /* Localizable.stringsdict */; };
		F16AB87622B6851200322F18 /* AppDelegate.swift in Sources */ = {isa = PBXBuildFile; fileRef = F16AB87522B6851200322F18 /* AppDelegate.swift */; };
		F16AB87822B6851200322F18 /* ViewController.swift in Sources */ = {isa = PBXBuildFile; fileRef = F16AB87722B6851200322F18 /* ViewController.swift */; };
		F16AB87B22B6851200322F18 /* Main.storyboard in Resources */ = {isa = PBXBuildFile; fileRef = F16AB87922B6851200322F18 /* Main.storyboard */; };
		F16AB87E22B6851200322F18 /* eventCal.xcdatamodeld in Sources */ = {isa = PBXBuildFile; fileRef = F16AB87C22B6851200322F18 /* eventCal.xcdatamodeld */; };
		F16AB88022B6851400322F18 /* Assets.xcassets in Resources */ = {isa = PBXBuildFile; fileRef = F16AB87F22B6851400322F18 /* Assets.xcassets */; };
		F16AB88322B6851400322F18 /* LaunchScreen.storyboard in Resources */ = {isa = PBXBuildFile; fileRef = F16AB88122B6851400322F18 /* LaunchScreen.storyboard */; };
		F1B241EB22C4021800F1CC74 /* Localizable.strings in Resources */ = {isa = PBXBuildFile; fileRef = F1B241E922C4021800F1CC74 /* Localizable.strings */; };
/* End PBXBuildFile section */

/* Begin PBXFileReference section */
		1227832D844D7FA4975F9BC9 /* Pods-eventCal.debug.xcconfig */ = {isa = PBXFileReference; includeInIndex = 1; lastKnownFileType = text.xcconfig; name = "Pods-eventCal.debug.xcconfig"; path = "Target Support Files/Pods-eventCal/Pods-eventCal.debug.xcconfig"; sourceTree = "<group>"; };
		487A3AEB2E765F3200EAE3CE /* Pods-eventCal.release.xcconfig */ = {isa = PBXFileReference; includeInIndex = 1; lastKnownFileType = text.xcconfig; name = "Pods-eventCal.release.xcconfig"; path = "Target Support Files/Pods-eventCal/Pods-eventCal.release.xcconfig"; sourceTree = "<group>"; };
		87B292C32DAC03B74A2DD501 /* Pods_eventCal.framework */ = {isa = PBXFileReference; explicitFileType = wrapper.framework; includeInIndex = 0; path = Pods_eventCal.framework; sourceTree = BUILT_PRODUCTS_DIR; };
		F13446F522CA81ED00B783D6 /* eventCell.swift */ = {isa = PBXFileReference; lastKnownFileType = sourcecode.swift; path = eventCell.swift; sourceTree = "<group>"; };
		F13446F622CA81ED00B783D6 /* eventCell.xib */ = {isa = PBXFileReference; lastKnownFileType = file.xib; path = eventCell.xib; sourceTree = "<group>"; };
		F13446F922CA92F900B783D6 /* CalenderCell.swift */ = {isa = PBXFileReference; lastKnownFileType = sourcecode.swift; path = CalenderCell.swift; sourceTree = "<group>"; };
		F161990122C3F49C00BF641B /* fr-CA */ = {isa = PBXFileReference; lastKnownFileType = text.plist.strings; name = "fr-CA"; path = "fr-CA.lproj/Main.strings"; sourceTree = "<group>"; };
		F161990222C3F49C00BF641B /* fr-CA */ = {isa = PBXFileReference; lastKnownFileType = text.plist.strings; name = "fr-CA"; path = "fr-CA.lproj/LaunchScreen.strings"; sourceTree = "<group>"; };
		F1668DA522C28486003E0C95 /* CalPlan.rtf */ = {isa = PBXFileReference; lastKnownFileType = text.rtf; path = CalPlan.rtf; sourceTree = "<group>"; };
		F1668DAB22C285AB003E0C95 /* CalInfo.stringsdict */ = {isa = PBXFileReference; lastKnownFileType = text.plist.stringsdict; name = CalInfo.stringsdict; path = Data/CalInfo.stringsdict; sourceTree = "<group>"; };
		F1668DAD22C2A661003E0C95 /* en */ = {isa = PBXFileReference; lastKnownFileType = text.plist.strings; name = en; path = en.lproj/Main.strings; sourceTree = "<group>"; };
		F1668DAE22C2A661003E0C95 /* en */ = {isa = PBXFileReference; lastKnownFileType = text.plist.strings; name = en; path = en.lproj/LaunchScreen.strings; sourceTree = "<group>"; };
		F1668DB022C2A9A9003E0C95 /* en */ = {isa = PBXFileReference; lastKnownFileType = text.plist.stringsdict; name = en; path = eventCal/en.lproj/Localizable.stringsdict; sourceTree = SOURCE_ROOT; };
		F16AB87222B6851200322F18 /* eventCal.app */ = {isa = PBXFileReference; explicitFileType = wrapper.application; includeInIndex = 0; path = eventCal.app; sourceTree = BUILT_PRODUCTS_DIR; };
		F16AB87522B6851200322F18 /* AppDelegate.swift */ = {isa = PBXFileReference; lastKnownFileType = sourcecode.swift; path = AppDelegate.swift; sourceTree = "<group>"; };
		F16AB87722B6851200322F18 /* ViewController.swift */ = {isa = PBXFileReference; lastKnownFileType = sourcecode.swift; path = ViewController.swift; sourceTree = "<group>"; };
		F16AB87A22B6851200322F18 /* Base */ = {isa = PBXFileReference; lastKnownFileType = file.storyboard; name = Base; path = Base.lproj/Main.storyboard; sourceTree = "<group>"; };
		F16AB87D22B6851200322F18 /* eventCal.xcdatamodel */ = {isa = PBXFileReference; lastKnownFileType = wrapper.xcdatamodel; path = eventCal.xcdatamodel; sourceTree = "<group>"; };
		F16AB87F22B6851400322F18 /* Assets.xcassets */ = {isa = PBXFileReference; lastKnownFileType = folder.assetcatalog; path = Assets.xcassets; sourceTree = "<group>"; };
		F16AB88222B6851400322F18 /* Base */ = {isa = PBXFileReference; lastKnownFileType = file.storyboard; name = Base; path = Base.lproj/LaunchScreen.storyboard; sourceTree = "<group>"; };
		F16AB88422B6851400322F18 /* Info.plist */ = {isa = PBXFileReference; lastKnownFileType = text.plist.xml; path = Info.plist; sourceTree = "<group>"; };
		F1B241EA22C4021800F1CC74 /* Base */ = {isa = PBXFileReference; lastKnownFileType = text.plist.strings; name = Base; path = eventCal/Base.lproj/Localizable.strings; sourceTree = "<group>"; };
		F1B241EC22C4022900F1CC74 /* fr-CA */ = {isa = PBXFileReference; lastKnownFileType = text.plist.strings; name = "fr-CA"; path = "eventCal/fr-CA.lproj/Localizable.strings"; sourceTree = "<group>"; };
		F1B241ED22C4022B00F1CC74 /* en */ = {isa = PBXFileReference; lastKnownFileType = text.plist.strings; name = en; path = eventCal/en.lproj/Localizable.strings; sourceTree = "<group>"; };
/* End PBXFileReference section */

/* Begin PBXFrameworksBuildPhase section */
		F16AB86F22B6851200322F18 /* Frameworks */ = {
			isa = PBXFrameworksBuildPhase;
			buildActionMask = 2147483647;
			files = (
				ECFA4D4E7AFC66977FA3AAC1 /* Pods_eventCal.framework in Frameworks */,
			);
			runOnlyForDeploymentPostprocessing = 0;
		};
/* End PBXFrameworksBuildPhase section */

/* Begin PBXGroup section */
		00F75919A8258B7C6E463182 /* Pods */ = {
			isa = PBXGroup;
			children = (
				1227832D844D7FA4975F9BC9 /* Pods-eventCal.debug.xcconfig */,
				487A3AEB2E765F3200EAE3CE /* Pods-eventCal.release.xcconfig */,
			);
			path = Pods;
			sourceTree = "<group>";
		};
		ED75B15E50CB9A062D5DE461 /* Frameworks */ = {
			isa = PBXGroup;
			children = (
				87B292C32DAC03B74A2DD501 /* Pods_eventCal.framework */,
			);
			name = Frameworks;
			sourceTree = "<group>";
		};
		F1668DA722C284F1003E0C95 /* Data */ = {
			isa = PBXGroup;
			children = (
				F1668DA522C28486003E0C95 /* CalPlan.rtf */,
			);
			path = Data;
			sourceTree = "<group>";
		};
		F1668DA822C284FC003E0C95 /* Model */ = {
			isa = PBXGroup;
			children = (
			);
			path = Model;
			sourceTree = "<group>";
		};
		F1668DA922C28507003E0C95 /* View */ = {
			isa = PBXGroup;
			children = (
				F16AB87922B6851200322F18 /* Main.storyboard */,
				F13446F922CA92F900B783D6 /* CalenderCell.swift */,
				F13446F522CA81ED00B783D6 /* eventCell.swift */,
				F13446F622CA81ED00B783D6 /* eventCell.xib */,
			);
			path = View;
			sourceTree = "<group>";
		};
		F1668DAA22C2850D003E0C95 /* Controllers */ = {
			isa = PBXGroup;
			children = (
				F16AB87722B6851200322F18 /* ViewController.swift */,
				F1668DAF22C2A9A9003E0C95 /* Localizable.stringsdict */,
			);
			path = Controllers;
			sourceTree = "<group>";
		};
		F16AB86922B6851200322F18 = {
			isa = PBXGroup;
			children = (
				F1B241E922C4021800F1CC74 /* Localizable.strings */,
				F16AB87422B6851200322F18 /* eventCal */,
				F16AB87322B6851200322F18 /* Products */,
				00F75919A8258B7C6E463182 /* Pods */,
				ED75B15E50CB9A062D5DE461 /* Frameworks */,
			);
			sourceTree = "<group>";
		};
		F16AB87322B6851200322F18 /* Products */ = {
			isa = PBXGroup;
			children = (
				F16AB87222B6851200322F18 /* eventCal.app */,
			);
			name = Products;
			sourceTree = "<group>";
		};
		F16AB87422B6851200322F18 /* eventCal */ = {
			isa = PBXGroup;
			children = (
				F1668DAA22C2850D003E0C95 /* Controllers */,
				F1668DA922C28507003E0C95 /* View */,
				F1668DA822C284FC003E0C95 /* Model */,
				F1668DA722C284F1003E0C95 /* Data */,
				F1668DAB22C285AB003E0C95 /* CalInfo.stringsdict */,
				F16AB87522B6851200322F18 /* AppDelegate.swift */,
				F16AB87F22B6851400322F18 /* Assets.xcassets */,
				F16AB88122B6851400322F18 /* LaunchScreen.storyboard */,
				F16AB88422B6851400322F18 /* Info.plist */,
				F16AB87C22B6851200322F18 /* eventCal.xcdatamodeld */,
			);
			path = eventCal;
			sourceTree = "<group>";
		};
/* End PBXGroup section */

/* Begin PBXNativeTarget section */
		F16AB87122B6851200322F18 /* eventCal */ = {
			isa = PBXNativeTarget;
			buildConfigurationList = F16AB88722B6851400322F18 /* Build configuration list for PBXNativeTarget "eventCal" */;
			buildPhases = (
				1E521321914AE3F05DF08E7B /* [CP] Check Pods Manifest.lock */,
				F16AB86E22B6851200322F18 /* Sources */,
				F16AB86F22B6851200322F18 /* Frameworks */,
				F16AB87022B6851200322F18 /* Resources */,
				5959A7658E5186CFD3FA402A /* [CP] Embed Pods Frameworks */,
			);
			buildRules = (
			);
			dependencies = (
			);
			name = eventCal;
			productName = eventCal;
			productReference = F16AB87222B6851200322F18 /* eventCal.app */;
			productType = "com.apple.product-type.application";
		};
/* End PBXNativeTarget section */

/* Begin PBXProject section */
		F16AB86A22B6851200322F18 /* Project object */ = {
			isa = PBXProject;
			attributes = {
				LastSwiftUpdateCheck = 1020;
				LastUpgradeCheck = 1020;
				ORGANIZATIONNAME = FitFi;
				TargetAttributes = {
					F16AB87122B6851200322F18 = {
						CreatedOnToolsVersion = 10.2.1;
					};
				};
			};
			buildConfigurationList = F16AB86D22B6851200322F18 /* Build configuration list for PBXProject "eventCal" */;
			compatibilityVersion = "Xcode 9.3";
			developmentRegion = en;
			hasScannedForEncodings = 0;
			knownRegions = (
				Base,
				en,
				"fr-CA",
			);
			mainGroup = F16AB86922B6851200322F18;
			productRefGroup = F16AB87322B6851200322F18 /* Products */;
			projectDirPath = "";
			projectRoot = "";
			targets = (
				F16AB87122B6851200322F18 /* eventCal */,
			);
		};
/* End PBXProject section */

/* Begin PBXResourcesBuildPhase section */
		F16AB87022B6851200322F18 /* Resources */ = {
			isa = PBXResourcesBuildPhase;
			buildActionMask = 2147483647;
			files = (
				F13446F822CA81ED00B783D6 /* eventCell.xib in Resources */,
				F1668DAC22C285AB003E0C95 /* CalInfo.stringsdict in Resources */,
				F1B241EB22C4021800F1CC74 /* Localizable.strings in Resources */,
				F1668DA622C28486003E0C95 /* CalPlan.rtf in Resources */,
				F16AB88322B6851400322F18 /* LaunchScreen.storyboard in Resources */,
				F16AB88022B6851400322F18 /* Assets.xcassets in Resources */,
				F16AB87B22B6851200322F18 /* Main.storyboard in Resources */,
				F1668DB122C2A9A9003E0C95 /* Localizable.stringsdict in Resources */,
			);
			runOnlyForDeploymentPostprocessing = 0;
		};
/* End PBXResourcesBuildPhase section */

/* Begin PBXShellScriptBuildPhase section */
		1E521321914AE3F05DF08E7B /* [CP] Check Pods Manifest.lock */ = {
			isa = PBXShellScriptBuildPhase;
			buildActionMask = 2147483647;
			files = (
			);
			inputFileListPaths = (
			);
			inputPaths = (
				"${PODS_PODFILE_DIR_PATH}/Podfile.lock",
				"${PODS_ROOT}/Manifest.lock",
			);
			name = "[CP] Check Pods Manifest.lock";
			outputFileListPaths = (
			);
			outputPaths = (
				"$(DERIVED_FILE_DIR)/Pods-eventCal-checkManifestLockResult.txt",
			);
			runOnlyForDeploymentPostprocessing = 0;
			shellPath = /bin/sh;
			shellScript = "diff \"${PODS_PODFILE_DIR_PATH}/Podfile.lock\" \"${PODS_ROOT}/Manifest.lock\" > /dev/null\nif [ $? != 0 ] ; then\n    # print error to STDERR\n    echo \"error: The sandbox is not in sync with the Podfile.lock. Run 'pod install' or update your CocoaPods installation.\" >&2\n    exit 1\nfi\n# This output is used by Xcode 'outputs' to avoid re-running this script phase.\necho \"SUCCESS\" > \"${SCRIPT_OUTPUT_FILE_0}\"\n";
			showEnvVarsInLog = 0;
		};
		5959A7658E5186CFD3FA402A /* [CP] Embed Pods Frameworks */ = {
			isa = PBXShellScriptBuildPhase;
			buildActionMask = 2147483647;
			files = (
			);
			inputFileListPaths = (
				"${PODS_ROOT}/Target Support Files/Pods-eventCal/Pods-eventCal-frameworks-${CONFIGURATION}-input-files.xcfilelist",
			);
			name = "[CP] Embed Pods Frameworks";
			outputFileListPaths = (
				"${PODS_ROOT}/Target Support Files/Pods-eventCal/Pods-eventCal-frameworks-${CONFIGURATION}-output-files.xcfilelist",
			);
			runOnlyForDeploymentPostprocessing = 0;
			shellPath = /bin/sh;
			shellScript = "\"${PODS_ROOT}/Target Support Files/Pods-eventCal/Pods-eventCal-frameworks.sh\"\n";
			showEnvVarsInLog = 0;
		};
/* End PBXShellScriptBuildPhase section */

/* Begin PBXSourcesBuildPhase section */
		F16AB86E22B6851200322F18 /* Sources */ = {
			isa = PBXSourcesBuildPhase;
			buildActionMask = 2147483647;
			files = (
				F13446F722CA81ED00B783D6 /* eventCell.swift in Sources */,
				F16AB87E22B6851200322F18 /* eventCal.xcdatamodeld in Sources */,
				F13446FA22CA92F900B783D6 /* CalenderCell.swift in Sources */,
				F16AB87822B6851200322F18 /* ViewController.swift in Sources */,
				F16AB87622B6851200322F18 /* AppDelegate.swift in Sources */,
			);
			runOnlyForDeploymentPostprocessing = 0;
		};
/* End PBXSourcesBuildPhase section */

/* Begin PBXVariantGroup section */
		F1668DAF22C2A9A9003E0C95 /* Localizable.stringsdict */ = {
			isa = PBXVariantGroup;
			children = (
				F1668DB022C2A9A9003E0C95 /* en */,
			);
			name = Localizable.stringsdict;
			sourceTree = "<group>";
		};
		F16AB87922B6851200322F18 /* Main.storyboard */ = {
			isa = PBXVariantGroup;
			children = (
				F16AB87A22B6851200322F18 /* Base */,
				F1668DAD22C2A661003E0C95 /* en */,
				F161990122C3F49C00BF641B /* fr-CA */,
			);
			name = Main.storyboard;
			sourceTree = "<group>";
		};
		F16AB88122B6851400322F18 /* LaunchScreen.storyboard */ = {
			isa = PBXVariantGroup;
			children = (
				F16AB88222B6851400322F18 /* Base */,
				F1668DAE22C2A661003E0C95 /* en */,
				F161990222C3F49C00BF641B /* fr-CA */,
			);
			name = LaunchScreen.storyboard;
			sourceTree = "<group>";
		};
		F1B241E922C4021800F1CC74 /* Localizable.strings */ = {
			isa = PBXVariantGroup;
			children = (
				F1B241EA22C4021800F1CC74 /* Base */,
				F1B241EC22C4022900F1CC74 /* fr-CA */,
				F1B241ED22C4022B00F1CC74 /* en */,
			);
			name = Localizable.strings;
			sourceTree = "<group>";
		};
/* End PBXVariantGroup section */

/* Begin XCBuildConfiguration section */
		F16AB88522B6851400322F18 /* Debug */ = {
			isa = XCBuildConfiguration;
			buildSettings = {
				ALWAYS_SEARCH_USER_PATHS = NO;
				CLANG_ANALYZER_LOCALIZABILITY_NONLOCALIZED = YES;
				CLANG_ANALYZER_NONNULL = YES;
				CLANG_ANALYZER_NUMBER_OBJECT_CONVERSION = YES_AGGRESSIVE;
				CLANG_CXX_LANGUAGE_STANDARD = "gnu++14";
				CLANG_CXX_LIBRARY = "libc++";
				CLANG_ENABLE_MODULES = YES;
				CLANG_ENABLE_OBJC_ARC = YES;
				CLANG_ENABLE_OBJC_WEAK = YES;
				CLANG_WARN_BLOCK_CAPTURE_AUTORELEASING = YES;
				CLANG_WARN_BOOL_CONVERSION = YES;
				CLANG_WARN_COMMA = YES;
				CLANG_WARN_CONSTANT_CONVERSION = YES;
				CLANG_WARN_DEPRECATED_OBJC_IMPLEMENTATIONS = YES;
				CLANG_WARN_DIRECT_OBJC_ISA_USAGE = YES_ERROR;
				CLANG_WARN_DOCUMENTATION_COMMENTS = YES;
				CLANG_WARN_EMPTY_BODY = YES;
				CLANG_WARN_ENUM_CONVERSION = YES;
				CLANG_WARN_INFINITE_RECURSION = YES;
				CLANG_WARN_INT_CONVERSION = YES;
				CLANG_WARN_NON_LITERAL_NULL_CONVERSION = YES;
				CLANG_WARN_OBJC_IMPLICIT_RETAIN_SELF = YES;
				CLANG_WARN_OBJC_LITERAL_CONVERSION = YES;
				CLANG_WARN_OBJC_ROOT_CLASS = YES_ERROR;
				CLANG_WARN_RANGE_LOOP_ANALYSIS = YES;
				CLANG_WARN_STRICT_PROTOTYPES = YES;
				CLANG_WARN_SUSPICIOUS_MOVE = YES;
				CLANG_WARN_UNGUARDED_AVAILABILITY = YES_AGGRESSIVE;
				CLANG_WARN_UNREACHABLE_CODE = YES;
				CLANG_WARN__DUPLICATE_METHOD_MATCH = YES;
				CODE_SIGN_IDENTITY = "iPhone Developer";
				COPY_PHASE_STRIP = NO;
				DEBUG_INFORMATION_FORMAT = dwarf;
				ENABLE_STRICT_OBJC_MSGSEND = YES;
				ENABLE_TESTABILITY = YES;
				GCC_C_LANGUAGE_STANDARD = gnu11;
				GCC_DYNAMIC_NO_PIC = NO;
				GCC_NO_COMMON_BLOCKS = YES;
				GCC_OPTIMIZATION_LEVEL = 0;
				GCC_PREPROCESSOR_DEFINITIONS = (
					"DEBUG=1",
					"$(inherited)",
				);
				GCC_WARN_64_TO_32_BIT_CONVERSION = YES;
				GCC_WARN_ABOUT_RETURN_TYPE = YES_ERROR;
				GCC_WARN_UNDECLARED_SELECTOR = YES;
				GCC_WARN_UNINITIALIZED_AUTOS = YES_AGGRESSIVE;
				GCC_WARN_UNUSED_FUNCTION = YES;
				GCC_WARN_UNUSED_VARIABLE = YES;
				IPHONEOS_DEPLOYMENT_TARGET = 12.2;
				MTL_ENABLE_DEBUG_INFO = INCLUDE_SOURCE;
				MTL_FAST_MATH = YES;
				ONLY_ACTIVE_ARCH = YES;
				SDKROOT = iphoneos;
				SWIFT_ACTIVE_COMPILATION_CONDITIONS = DEBUG;
				SWIFT_OPTIMIZATION_LEVEL = "-Onone";
			};
			name = Debug;
		};
		F16AB88622B6851400322F18 /* Release */ = {
			isa = XCBuildConfiguration;
			buildSettings = {
				ALWAYS_SEARCH_USER_PATHS = NO;
				CLANG_ANALYZER_LOCALIZABILITY_NONLOCALIZED = YES;
				CLANG_ANALYZER_NONNULL = YES;
				CLANG_ANALYZER_NUMBER_OBJECT_CONVERSION = YES_AGGRESSIVE;
				CLANG_CXX_LANGUAGE_STANDARD = "gnu++14";
				CLANG_CXX_LIBRARY = "libc++";
				CLANG_ENABLE_MODULES = YES;
				CLANG_ENABLE_OBJC_ARC = YES;
				CLANG_ENABLE_OBJC_WEAK = YES;
				CLANG_WARN_BLOCK_CAPTURE_AUTORELEASING = YES;
				CLANG_WARN_BOOL_CONVERSION = YES;
				CLANG_WARN_COMMA = YES;
				CLANG_WARN_CONSTANT_CONVERSION = YES;
				CLANG_WARN_DEPRECATED_OBJC_IMPLEMENTATIONS = YES;
				CLANG_WARN_DIRECT_OBJC_ISA_USAGE = YES_ERROR;
				CLANG_WARN_DOCUMENTATION_COMMENTS = YES;
				CLANG_WARN_EMPTY_BODY = YES;
				CLANG_WARN_ENUM_CONVERSION = YES;
				CLANG_WARN_INFINITE_RECURSION = YES;
				CLANG_WARN_INT_CONVERSION = YES;
				CLANG_WARN_NON_LITERAL_NULL_CONVERSION = YES;
				CLANG_WARN_OBJC_IMPLICIT_RETAIN_SELF = YES;
				CLANG_WARN_OBJC_LITERAL_CONVERSION = YES;
				CLANG_WARN_OBJC_ROOT_CLASS = YES_ERROR;
				CLANG_WARN_RANGE_LOOP_ANALYSIS = YES;
				CLANG_WARN_STRICT_PROTOTYPES = YES;
				CLANG_WARN_SUSPICIOUS_MOVE = YES;
				CLANG_WARN_UNGUARDED_AVAILABILITY = YES_AGGRESSIVE;
				CLANG_WARN_UNREACHABLE_CODE = YES;
				CLANG_WARN__DUPLICATE_METHOD_MATCH = YES;
				CODE_SIGN_IDENTITY = "iPhone Developer";
				COPY_PHASE_STRIP = NO;
				DEBUG_INFORMATION_FORMAT = "dwarf-with-dsym";
				ENABLE_NS_ASSERTIONS = NO;
				ENABLE_STRICT_OBJC_MSGSEND = YES;
				GCC_C_LANGUAGE_STANDARD = gnu11;
				GCC_NO_COMMON_BLOCKS = YES;
				GCC_WARN_64_TO_32_BIT_CONVERSION = YES;
				GCC_WARN_ABOUT_RETURN_TYPE = YES_ERROR;
				GCC_WARN_UNDECLARED_SELECTOR = YES;
				GCC_WARN_UNINITIALIZED_AUTOS = YES_AGGRESSIVE;
				GCC_WARN_UNUSED_FUNCTION = YES;
				GCC_WARN_UNUSED_VARIABLE = YES;
				IPHONEOS_DEPLOYMENT_TARGET = 12.2;
				MTL_ENABLE_DEBUG_INFO = NO;
				MTL_FAST_MATH = YES;
				SDKROOT = iphoneos;
				SWIFT_COMPILATION_MODE = wholemodule;
				SWIFT_OPTIMIZATION_LEVEL = "-O";
				VALIDATE_PRODUCT = YES;
			};
			name = Release;
		};
		F16AB88822B6851400322F18 /* Debug */ = {
			isa = XCBuildConfiguration;
			baseConfigurationReference = 1227832D844D7FA4975F9BC9 /* Pods-eventCal.debug.xcconfig */;
			buildSettings = {
				ASSETCATALOG_COMPILER_APPICON_NAME = AppIcon;
				CODE_SIGN_STYLE = Automatic;
				DEVELOPMENT_TEAM = HS3EFL98H4;
				INFOPLIST_FILE = eventCal/Info.plist;
				LD_RUNPATH_SEARCH_PATHS = (
					"$(inherited)",
					"@executable_path/Frameworks",
				);
				PRODUCT_BUNDLE_IDENTIFIER = com.pineapple.Calender;
				PRODUCT_NAME = "$(TARGET_NAME)";
				SWIFT_VERSION = 5.0;
				TARGETED_DEVICE_FAMILY = "1,2";
			};
			name = Debug;
		};
		F16AB88922B6851400322F18 /* Release */ = {
			isa = XCBuildConfiguration;
			baseConfigurationReference = 487A3AEB2E765F3200EAE3CE /* Pods-eventCal.release.xcconfig */;
			buildSettings = {
				ASSETCATALOG_COMPILER_APPICON_NAME = AppIcon;
				CODE_SIGN_STYLE = Automatic;
				DEVELOPMENT_TEAM = HS3EFL98H4;
				INFOPLIST_FILE = eventCal/Info.plist;
				LD_RUNPATH_SEARCH_PATHS = (
					"$(inherited)",
					"@executable_path/Frameworks",
				);
				PRODUCT_BUNDLE_IDENTIFIER = com.pineapple.Calender;
				PRODUCT_NAME = "$(TARGET_NAME)";
				SWIFT_VERSION = 5.0;
				TARGETED_DEVICE_FAMILY = "1,2";
			};
			name = Release;
		};
/* End XCBuildConfiguration section */

/* Begin XCConfigurationList section */
		F16AB86D22B6851200322F18 /* Build configuration list for PBXProject "eventCal" */ = {
			isa = XCConfigurationList;
			buildConfigurations = (
				F16AB88522B6851400322F18 /* Debug */,
				F16AB88622B6851400322F18 /* Release */,
			);
			defaultConfigurationIsVisible = 0;
			defaultConfigurationName = Release;
		};
		F16AB88722B6851400322F18 /* Build configuration list for PBXNativeTarget "eventCal" */ = {
			isa = XCConfigurationList;
			buildConfigurations = (
				F16AB88822B6851400322F18 /* Debug */,
				F16AB88922B6851400322F18 /* Release */,
			);
			defaultConfigurationIsVisible = 0;
			defaultConfigurationName = Release;
		};
/* End XCConfigurationList section */

/* Begin XCVersionGroup section */
		F16AB87C22B6851200322F18 /* eventCal.xcdatamodeld */ = {
			isa = XCVersionGroup;
			children = (
				F16AB87D22B6851200322F18 /* eventCal.xcdatamodel */,
			);
			currentVersion = F16AB87D22B6851200322F18 /* eventCal.xcdatamodel */;
			path = eventCal.xcdatamodeld;
			sourceTree = "<group>";
			versionGroupType = wrapper.xcdatamodel;
		};
/* End XCVersionGroup section */
	};
	rootObject = F16AB86A22B6851200322F18 /* Project object */;
}
